{
  "originHash" : "2652d98310f2652bd3804bf4be5a17b231ee196cf48991acd09a0e2b69a5eb0e",
  "pins" : [
    {
      "identity" : "immersivemap",
      "kind" : "remoteSourceControl",
      "location" : "https://github.com/artemcolt/ImmersiveMap.git",
      "state" : {
        "branch" : "main",
        "revision" : "49f0c7ae37e4e0e7dd88bf4cfd11ce18a4ebb4db"
      }
    },
    {
      "identity" : "swift-protobuf",
      "kind" : "remoteSourceControl",
      "location" : "https://github.com/apple/swift-protobuf.git",
      "state" : {
        "revision" : "f6506eaa86ed2e01cb0ae14a75035b7fdbf0918f",
        "version" : "1.38.0"
      }
    },
    {
      "identity" : "swiftearcut",
      "kind" : "remoteSourceControl",
      "location" : "https://github.com/measuredweighed/SwiftEarcut.git",
      "state" : {
        "revision" : "f72356da8b873da27d869120c08d4a3009b6bf12",
        "version" : "1.0.0"
      }
    }
  ],
  "version" : 3
}
