// !$*UTF8*$!
{
	archiveVersion = 1;
	classes = {
	};
	objectVersion = 77;
	objects = {

/* Begin PBXBuildFile section */
		AC5226F82E6471C300D5203A /* ImmersiveMapFramework.framework in Frameworks */ = {isa = PBXBuildFile; fileRef = AC5226F02E6471C200D5203A /* ImmersiveMapFramework.framework */; };
		AC5226F92E6471C300D5203A /* ImmersiveMapFramework.framework in Embed Frameworks */ = {isa = PBXBuildFile; fileRef = AC5226F02E6471C200D5203A /* ImmersiveMapFramework.framework */; settings = {ATTRIBUTES = (CodeSignOnCopy, RemoveHeadersOnCopy, ); }; };
		AC5227002E64725F00D5203A /* Metal.framework in Frameworks */ = {isa = PBXBuildFile; fileRef = AC5226FF2E64725F00D5203A /* Metal.framework */; };
		AC5227052E6474D300D5203A /* SwiftEarcut in Frameworks */ = {isa = PBXBuildFile; productRef = AC5227042E6474D300D5203A /* SwiftEarcut */; };
		AC5227082E6475A400D5203A /* MVTTools in Frameworks */ = {isa = PBXBuildFile; productRef = AC5227072E6475A400D5203A /* MVTTools */; };
		AC5227102E6476E100D5203A /* QuartzCore.framework in Frameworks */ = {isa = PBXBuildFile; fileRef = AC52270F2E6476E100D5203A /* QuartzCore.framework */; };
/* End PBXBuildFile section */

/* Begin PBXContainerItemProxy section */
		AC5226F62E6471C300D5203A /* PBXContainerItemProxy */ = {
			isa = PBXContainerItemProxy;
			containerPortal = AC5226D52E64718E00D5203A /* Project object */;
			proxyType = 1;
			remoteGlobalIDString = AC5226EF2E6471C200D5203A;
			remoteInfo = ImmersiveMapFramework;
		};
/* End PBXContainerItemProxy section */

/* Begin PBXCopyFilesBuildPhase section */
		AC5226FD2E6471C300D5203A /* Embed Frameworks */ = {
			isa = PBXCopyFilesBuildPhase;
			buildActionMask = 2147483647;
			dstPath = "";
			dstSubfolderSpec = 10;
			files = (
				AC5226F92E6471C300D5203A /* ImmersiveMapFramework.framework in Embed Frameworks */,
			);
			name = "Embed Frameworks";
			runOnlyForDeploymentPostprocessing = 0;
		};
/* End PBXCopyFilesBuildPhase section */

/* Begin PBXFileReference section */
		AC5226DD2E64718E00D5203A /* ImmersiveMap.app */ = {isa = PBXFileReference; explicitFileType = wrapper.application; includeInIndex = 0; path = ImmersiveMap.app; sourceTree = BUILT_PRODUCTS_DIR; };
		AC5226F02E6471C200D5203A /* ImmersiveMapFramework.framework */ = {isa = PBXFileReference; explicitFileType = wrapper.framework; includeInIndex = 0; path = ImmersiveMapFramework.framework; sourceTree = BUILT_PRODUCTS_DIR; };
		AC5226FF2E64725F00D5203A /* Metal.framework */ = {isa = PBXFileReference; lastKnownFileType = wrapper.framework; name = Metal.framework; path = Platforms/MacOSX.platform/Developer/SDKs/MacOSX15.5.sdk/System/Library/Frameworks/Metal.framework; sourceTree = DEVELOPER_DIR; };
		AC5227012E64727400D5203A /* MetalKit.framework */ = {isa = PBXFileReference; lastKnownFileType = wrapper.framework; name = MetalKit.framework; path = Platforms/MacOSX.platform/Developer/SDKs/MacOSX15.5.sdk/System/iOSSupport/System/Library/Frameworks/MetalKit.framework; sourceTree = DEVELOPER_DIR; };
		AC52270F2E6476E100D5203A /* QuartzCore.framework */ = {isa = PBXFileReference; lastKnownFileType = wrapper.framework; name = QuartzCore.framework; path = Platforms/MacOSX.platform/Developer/SDKs/MacOSX15.5.sdk/System/Library/Frameworks/QuartzCore.framework; sourceTree = DEVELOPER_DIR; };
/* End PBXFileReference section */

/* Begin PBXFileSystemSynchronizedRootGroup section */
		AC5226DF2E64718E00D5203A /* ImmersiveMap */ = {
			isa = PBXFileSystemSynchronizedRootGroup;
			path = ImmersiveMap;
			sourceTree = "<group>";
		};
		AC5226F12E6471C200D5203A /* ImmersiveMapFramework */ = {
			isa = PBXFileSystemSynchronizedRootGroup;
			path = ImmersiveMapFramework;
			sourceTree = "<group>";
		};
/* End PBXFileSystemSynchronizedRootGroup section */

/* Begin PBXFrameworksBuildPhase section */
		AC5226DA2E64718E00D5203A /* Frameworks */ = {
			isa = PBXFrameworksBuildPhase;
			buildActionMask = 2147483647;
			files = (
				AC5226F82E6471C300D5203A /* ImmersiveMapFramework.framework in Frameworks */,
			);
			runOnlyForDeploymentPostprocessing = 0;
		};
		AC5226ED2E6471C200D5203A /* Frameworks */ = {
			isa = PBXFrameworksBuildPhase;
			buildActionMask = 2147483647;
			files = (
				AC5227102E6476E100D5203A /* QuartzCore.framework in Frameworks */,
				AC5227082E6475A400D5203A /* MVTTools in Frameworks */,
				AC5227052E6474D300D5203A /* SwiftEarcut in Frameworks */,
				AC5227002E64725F00D5203A /* Metal.framework in Frameworks */,
			);
			runOnlyForDeploymentPostprocessing = 0;
		};
/* End PBXFrameworksBuildPhase section */

/* Begin PBXGroup section */
		AC5226D42E64718E00D5203A = {
			isa = PBXGroup;
			children = (
				AC5226DF2E64718E00D5203A /* ImmersiveMap */,
				AC5226F12E6471C200D5203A /* ImmersiveMapFramework */,
				AC5226FE2E64725F00D5203A /* Frameworks */,
				AC5226DE2E64718E00D5203A /* Products */,
			);
			sourceTree = "<group>";
		};
		AC5226DE2E64718E00D5203A /* Products */ = {
			isa = PBXGroup;
			children = (
				AC5226DD2E64718E00D5203A /* ImmersiveMap.app */,
				AC5226F02E6471C200D5203A /* ImmersiveMapFramework.framework */,
			);
			name = Products;
			sourceTree = "<group>";
		};
		AC5226FE2E64725F00D5203A /* Frameworks */ = {
			isa = PBXGroup;
			children = (
				AC52270F2E6476E100D5203A /* QuartzCore.framework */,
				AC5227012E64727400D5203A /* MetalKit.framework */,
				AC5226FF2E64725F00D5203A /* Metal.framework */,
			);
			name = Frameworks;
			sourceTree = "<group>";
		};
/* End PBXGroup section */

/* Begin PBXHeadersBuildPhase section */
		AC5226EB2E6471C200D5203A /* Headers */ = {
			isa = PBXHeadersBuildPhase;
			buildActionMask = 2147483647;
			files = (
			);
			runOnlyForDeploymentPostprocessing = 0;
		};
/* End PBXHeadersBuildPhase section */

/* Begin PBXNativeTarget section */
		AC5226DC2E64718E00D5203A /* ImmersiveMap */ = {
			isa = PBXNativeTarget;
			buildConfigurationList = AC5226E82E64718F00D5203A /* Build configuration list for PBXNativeTarget "ImmersiveMap" */;
			buildPhases = (
				AC5226D92E64718E00D5203A /* Sources */,
				AC5226DA2E64718E00D5203A /* Frameworks */,
				AC5226DB2E64718E00D5203A /* Resources */,
				AC5226FD2E6471C300D5203A /* Embed Frameworks */,
			);
			buildRules = (
			);
			dependencies = (
				AC5226F72E6471C300D5203A /* PBXTargetDependency */,
			);
			fileSystemSynchronizedGroups = (
				AC5226DF2E64718E00D5203A /* ImmersiveMap */,
			);
			name = ImmersiveMap;
			packageProductDependencies = (
			);
			productName = ImmersiveMap;
			productReference = AC5226DD2E64718E00D5203A /* ImmersiveMap.app */;
			productType = "com.apple.product-type.application";
		};
		AC5226EF2E6471C200D5203A /* ImmersiveMapFramework */ = {
			isa = PBXNativeTarget;
			buildConfigurationList = AC5226FA2E6471C300D5203A /* Build configuration list for PBXNativeTarget "ImmersiveMapFramework" */;
			buildPhases = (
				AC5226EB2E6471C200D5203A /* Headers */,
				AC5226EC2E6471C200D5203A /* Sources */,
				AC5226ED2E6471C200D5203A /* Frameworks */,
				AC5226EE2E6471C200D5203A /* Resources */,
			);
			buildRules = (
			);
			dependencies = (
			);
			fileSystemSynchronizedGroups = (
				AC5226F12E6471C200D5203A /* ImmersiveMapFramework */,
			);
			name = ImmersiveMapFramework;
			packageProductDependencies = (
				AC5227042E6474D300D5203A /* SwiftEarcut */,
				AC5227072E6475A400D5203A /* MVTTools */,
			);
			productName = ImmersiveMapFramework;
			productReference = AC5226F02E6471C200D5203A /* ImmersiveMapFramework.framework */;
			productType = "com.apple.product-type.framework";
		};
/* End PBXNativeTarget section */

/* Begin PBXProject section */
		AC5226D52E64718E00D5203A /* Project object */ = {
			isa = PBXProject;
			attributes = {
				BuildIndependentTargetsInParallel = 1;
				LastSwiftUpdateCheck = 1640;
				LastUpgradeCheck = 1640;
				TargetAttributes = {
					AC5226DC2E64718E00D5203A = {
						CreatedOnToolsVersion = 16.4;
					};
					AC5226EF2E6471C200D5203A = {
						CreatedOnToolsVersion = 16.4;
					};
				};
			};
			buildConfigurationList = AC5226D82E64718E00D5203A /* Build configuration list for PBXProject "ImmersiveMap" */;
			developmentRegion = en;
			hasScannedForEncodings = 0;
			knownRegions = (
				en,
				Base,
			);
			mainGroup = AC5226D42E64718E00D5203A;
			minimizedProjectReferenceProxies = 1;
			packageReferences = (
				AC5227032E6474D300D5203A /* XCRemoteSwiftPackageReference "SwiftEarcut" */,
				AC5227062E6475A400D5203A /* XCRemoteSwiftPackageReference "mvt-tools" */,
			);
			preferredProjectObjectVersion = 77;
			productRefGroup = AC5226DE2E64718E00D5203A /* Products */;
			projectDirPath = "";
			projectRoot = "";
			targets = (
				AC5226DC2E64718E00D5203A /* ImmersiveMap */,
				AC5226EF2E6471C200D5203A /* ImmersiveMapFramework */,
			);
		};
/* End PBXProject section */

/* Begin PBXResourcesBuildPhase section */
		AC5226DB2E64718E00D5203A /* Resources */ = {
			isa = PBXResourcesBuildPhase;
			buildActionMask = 2147483647;
			files = (
			);
			runOnlyForDeploymentPostprocessing = 0;
		};
		AC5226EE2E6471C200D5203A /* Resources */ = {
			isa = PBXResourcesBuildPhase;
			buildActionMask = 2147483647;
			files = (
			);
			runOnlyForDeploymentPostprocessing = 0;
		};
/* End PBXResourcesBuildPhase section */

/* Begin PBXSourcesBuildPhase section */
		AC5226D92E64718E00D5203A /* Sources */ = {
			isa = PBXSourcesBuildPhase;
			buildActionMask = 2147483647;
			files = (
			);
			runOnlyForDeploymentPostprocessing = 0;
		};
		AC5226EC2E6471C200D5203A /* Sources */ = {
			isa = PBXSourcesBuildPhase;
			buildActionMask = 2147483647;
			files = (
			);
			runOnlyForDeploymentPostprocessing = 0;
		};
/* End PBXSourcesBuildPhase section */

/* Begin PBXTargetDependency section */
		AC5226F72E6471C300D5203A /* PBXTargetDependency */ = {
			isa = PBXTargetDependency;
			target = AC5226EF2E6471C200D5203A /* ImmersiveMapFramework */;
			targetProxy = AC5226F62E6471C300D5203A /* PBXContainerItemProxy */;
		};
/* End PBXTargetDependency section */

/* Begin XCBuildConfiguration section */
		AC5226E62E64718F00D5203A /* Debug */ = {
			isa = XCBuildConfiguration;
			buildSettings = {
				ALWAYS_SEARCH_USER_PATHS = NO;
				ASSETCATALOG_COMPILER_GENERATE_SWIFT_ASSET_SYMBOL_EXTENSIONS = YES;
				CLANG_ANALYZER_NONNULL = YES;
				CLANG_ANALYZER_NUMBER_OBJECT_CONVERSION = YES_AGGRESSIVE;
				CLANG_CXX_LANGUAGE_STANDARD = "gnu++20";
				CLANG_ENABLE_MODULES = YES;
				CLANG_ENABLE_OBJC_ARC = YES;
				CLANG_ENABLE_OBJC_WEAK = YES;
				CLANG_WARN_BLOCK_CAPTURE_AUTORELEASING = YES;
				CLANG_WARN_BOOL_CONVERSION = YES;
				CLANG_WARN_COMMA = YES;
				CLANG_WARN_CONSTANT_CONVERSION = YES;
				CLANG_WARN_DEPRECATED_OBJC_IMPLEMENTATIONS = YES;
				CLANG_WARN_DIRECT_OBJC_ISA_USAGE = YES_ERROR;
				CLANG_WARN_DOCUMENTATION_COMMENTS = YES;
				CLANG_WARN_EMPTY_BODY = YES;
				CLANG_WARN_ENUM_CONVERSION = YES;
				CLANG_WARN_INFINITE_RECURSION = YES;
				CLANG_WARN_INT_CONVERSION = YES;
				CLANG_WARN_NON_LITERAL_NULL_CONVERSION = YES;
				CLANG_WARN_OBJC_IMPLICIT_RETAIN_SELF = YES;
				CLANG_WARN_OBJC_LITERAL_CONVERSION = YES;
				CLANG_WARN_OBJC_ROOT_CLASS = YES_ERROR;
				CLANG_WARN_QUOTED_INCLUDE_IN_FRAMEWORK_HEADER = YES;
				CLANG_WARN_RANGE_LOOP_ANALYSIS = YES;
				CLANG_WARN_STRICT_PROTOTYPES = YES;
				CLANG_WARN_SUSPICIOUS_MOVE = YES;
				CLANG_WARN_UNGUARDED_AVAILABILITY = YES_AGGRESSIVE;
				CLANG_WARN_UNREACHABLE_CODE = YES;
				CLANG_WARN__DUPLICATE_METHOD_MATCH = YES;
				COPY_PHASE_STRIP = NO;
				DEBUG_INFORMATION_FORMAT = dwarf;
				DEVELOPMENT_TEAM = B2MWFA6UQ8;
				ENABLE_STRICT_OBJC_MSGSEND = YES;
				ENABLE_TESTABILITY = YES;
				ENABLE_USER_SCRIPT_SANDBOXING = YES;
				GCC_C_LANGUAGE_STANDARD = gnu17;
				GCC_DYNAMIC_NO_PIC = NO;
				GCC_NO_COMMON_BLOCKS = YES;
				GCC_OPTIMIZATION_LEVEL = 0;
				GCC_PREPROCESSOR_DEFINITIONS = (
					"DEBUG=1",
					"$(inherited)",
				);
				GCC_WARN_64_TO_32_BIT_CONVERSION = YES;
				GCC_WARN_ABOUT_RETURN_TYPE = YES_ERROR;
				GCC_WARN_UNDECLARED_SELECTOR = YES;
				GCC_WARN_UNINITIALIZED_AUTOS = YES_AGGRESSIVE;
				GCC_WARN_UNUSED_FUNCTION = YES;
				GCC_WARN_UNUSED_VARIABLE = YES;
				IPHONEOS_DEPLOYMENT_TARGET = 18.5;
				LOCALIZATION_PREFERS_STRING_CATALOGS = YES;
				MTL_ENABLE_DEBUG_INFO = INCLUDE_SOURCE;
				MTL_FAST_MATH = YES;
				ONLY_ACTIVE_ARCH = YES;
				SDKROOT = iphoneos;
				SWIFT_ACTIVE_COMPILATION_CONDITIONS = "DEBUG $(inherited)";
				SWIFT_OPTIMIZATION_LEVEL = "-Onone";
			};
			name = Debug;
		};
		AC5226E72E64718F00D5203A /* Release */ = {
			isa = XCBuildConfiguration;
			buildSettings = {
				ALWAYS_SEARCH_USER_PATHS = NO;
				ASSETCATALOG_COMPILER_GENERATE_SWIFT_ASSET_SYMBOL_EXTENSIONS = YES;
				CLANG_ANALYZER_NONNULL = YES;
				CLANG_ANALYZER_NUMBER_OBJECT_CONVERSION = YES_AGGRESSIVE;
				CLANG_CXX_LANGUAGE_STANDARD = "gnu++20";
				CLANG_ENABLE_MODULES = YES;
				CLANG_ENABLE_OBJC_ARC = YES;
				CLANG_ENABLE_OBJC_WEAK = YES;
				CLANG_WARN_BLOCK_CAPTURE_AUTORELEASING = YES;
				CLANG_WARN_BOOL_CONVERSION = YES;
				CLANG_WARN_COMMA = YES;
				CLANG_WARN_CONSTANT_CONVERSION = YES;
				CLANG_WARN_DEPRECATED_OBJC_IMPLEMENTATIONS = YES;
				CLANG_WARN_DIRECT_OBJC_ISA_USAGE = YES_ERROR;
				CLANG_WARN_DOCUMENTATION_COMMENTS = YES;
				CLANG_WARN_EMPTY_BODY = YES;
				CLANG_WARN_ENUM_CONVERSION = YES;
				CLANG_WARN_INFINITE_RECURSION = YES;
				CLANG_WARN_INT_CONVERSION = YES;
				CLANG_WARN_NON_LITERAL_NULL_CONVERSION = YES;
				CLANG_WARN_OBJC_IMPLICIT_RETAIN_SELF = YES;
				CLANG_WARN_OBJC_LITERAL_CONVERSION = YES;
				CLANG_WARN_OBJC_ROOT_CLASS = YES_ERROR;
				CLANG_WARN_QUOTED_INCLUDE_IN_FRAMEWORK_HEADER = YES;
				CLANG_WARN_RANGE_LOOP_ANALYSIS = YES;
				CLANG_WARN_STRICT_PROTOTYPES = YES;
				CLANG_WARN_SUSPICIOUS_MOVE = YES;
				CLANG_WARN_UNGUARDED_AVAILABILITY = YES_AGGRESSIVE;
				CLANG_WARN_UNREACHABLE_CODE = YES;
				CLANG_WARN__DUPLICATE_METHOD_MATCH = YES;
				COPY_PHASE_STRIP = NO;
				DEBUG_INFORMATION_FORMAT = "dwarf-with-dsym";
				DEVELOPMENT_TEAM = B2MWFA6UQ8;
				ENABLE_NS_ASSERTIONS = NO;
				ENABLE_STRICT_OBJC_MSGSEND = YES;
				ENABLE_USER_SCRIPT_SANDBOXING = YES;
				GCC_C_LANGUAGE_STANDARD = gnu17;
				GCC_NO_COMMON_BLOCKS = YES;
				GCC_WARN_64_TO_32_BIT_CONVERSION = YES;
				GCC_WARN_ABOUT_RETURN_TYPE = YES_ERROR;
				GCC_WARN_UNDECLARED_SELECTOR = YES;
				GCC_WARN_UNINITIALIZED_AUTOS = YES_AGGRESSIVE;
				GCC_WARN_UNUSED_FUNCTION = YES;
				GCC_WARN_UNUSED_VARIABLE = YES;
				IPHONEOS_DEPLOYMENT_TARGET = 18.5;
				LOCALIZATION_PREFERS_STRING_CATALOGS = YES;
				MTL_ENABLE_DEBUG_INFO = NO;
				MTL_FAST_MATH = YES;
				SDKROOT = iphoneos;
				SWIFT_COMPILATION_MODE = wholemodule;
				VALIDATE_PRODUCT = YES;
			};
			name = Release;
		};
		AC5226E92E64718F00D5203A /* Debug */ = {
			isa = XCBuildConfiguration;
			buildSettings = {
				ASSETCATALOG_COMPILER_APPICON_NAME = AppIcon;
				ASSETCATALOG_COMPILER_GLOBAL_ACCENT_COLOR_NAME = AccentColor;
				CODE_SIGN_STYLE = Automatic;
				CURRENT_PROJECT_VERSION = 1;
				DEVELOPMENT_TEAM = B2MWFA6UQ8;
				ENABLE_PREVIEWS = YES;
				GENERATE_INFOPLIST_FILE = YES;
				INFOPLIST_KEY_UIApplicationSceneManifest_Generation = YES;
				INFOPLIST_KEY_UIApplicationSupportsIndirectInputEvents = YES;
				INFOPLIST_KEY_UILaunchScreen_Generation = YES;
				INFOPLIST_KEY_UISupportedInterfaceOrientations_iPad = "UIInterfaceOrientationPortrait UIInterfaceOrientationPortraitUpsideDown UIInterfaceOrientationLandscapeLeft UIInterfaceOrientationLandscapeRight";
				INFOPLIST_KEY_UISupportedInterfaceOrientations_iPhone = "UIInterfaceOrientationPortrait UIInterfaceOrientationLandscapeLeft UIInterfaceOrientationLandscapeRight";
				LD_RUNPATH_SEARCH_PATHS = (
					"$(inherited)",
					"@executable_path/Frameworks",
				);
				MARKETING_VERSION = 1.0;
				PRODUCT_BUNDLE_IDENTIFIER = invectys.ImmersiveMap;
				PRODUCT_NAME = "$(TARGET_NAME)";
				SWIFT_EMIT_LOC_STRINGS = YES;
				SWIFT_VERSION = 5.0;
				TARGETED_DEVICE_FAMILY = "1,2";
			};
			name = Debug;
		};
		AC5226EA2E64718F00D5203A /* Release */ = {
			isa = XCBuildConfiguration;
			buildSettings = {
				ASSETCATALOG_COMPILER_APPICON_NAME = AppIcon;
				ASSETCATALOG_COMPILER_GLOBAL_ACCENT_COLOR_NAME = AccentColor;
				CODE_SIGN_STYLE = Automatic;
				CURRENT_PROJECT_VERSION = 1;
				DEVELOPMENT_TEAM = B2MWFA6UQ8;
				ENABLE_PREVIEWS = YES;
				GENERATE_INFOPLIST_FILE = YES;
				INFOPLIST_KEY_UIApplicationSceneManifest_Generation = YES;
				INFOPLIST_KEY_UIApplicationSupportsIndirectInputEvents = YES;
				INFOPLIST_KEY_UILaunchScreen_Generation = YES;
				INFOPLIST_KEY_UISupportedInterfaceOrientations_iPad = "UIInterfaceOrientationPortrait UIInterfaceOrientationPortraitUpsideDown UIInterfaceOrientationLandscapeLeft UIInterfaceOrientationLandscapeRight";
				INFOPLIST_KEY_UISupportedInterfaceOrientations_iPhone = "UIInterfaceOrientationPortrait UIInterfaceOrientationLandscapeLeft UIInterfaceOrientationLandscapeRight";
				LD_RUNPATH_SEARCH_PATHS = (
					"$(inherited)",
					"@executable_path/Frameworks",
				);
				MARKETING_VERSION = 1.0;
				PRODUCT_BUNDLE_IDENTIFIER = invectys.ImmersiveMap;
				PRODUCT_NAME = "$(TARGET_NAME)";
				SWIFT_EMIT_LOC_STRINGS = YES;
				SWIFT_VERSION = 5.0;
				TARGETED_DEVICE_FAMILY = "1,2";
			};
			name = Release;
		};
		AC5226FB2E6471C300D5203A /* Debug */ = {
			isa = XCBuildConfiguration;
			buildSettings = {
				BUILD_LIBRARY_FOR_DISTRIBUTION = YES;
				CODE_SIGN_STYLE = Automatic;
				CURRENT_PROJECT_VERSION = 1;
				DEVELOPMENT_TEAM = B2MWFA6UQ8;
				DYLIB_COMPATIBILITY_VERSION = 1;
				DYLIB_CURRENT_VERSION = 1;
				DYLIB_INSTALL_NAME_BASE = "@rpath";
				ENABLE_MODULE_VERIFIER = YES;
				GENERATE_INFOPLIST_FILE = YES;
				INFOPLIST_KEY_NSHumanReadableCopyright = "";
				INSTALL_PATH = "$(LOCAL_LIBRARY_DIR)/Frameworks";
				LD_RUNPATH_SEARCH_PATHS = (
					"$(inherited)",
					"@executable_path/Frameworks",
					"@loader_path/Frameworks",
				);
				MARKETING_VERSION = 1.0;
				MODULE_VERIFIER_SUPPORTED_LANGUAGES = "objective-c objective-c++";
				MODULE_VERIFIER_SUPPORTED_LANGUAGE_STANDARDS = "gnu17 gnu++20";
				PRODUCT_BUNDLE_IDENTIFIER = invectys.ImmersiveMapFramework;
				PRODUCT_NAME = "$(TARGET_NAME:c99extidentifier)";
				SKIP_INSTALL = YES;
				SWIFT_EMIT_LOC_STRINGS = YES;
				SWIFT_INSTALL_MODULE = YES;
				SWIFT_INSTALL_OBJC_HEADER = NO;
				SWIFT_VERSION = 5.0;
				TARGETED_DEVICE_FAMILY = "1,2";
				VERSIONING_SYSTEM = "apple-generic";
				VERSION_INFO_PREFIX = "";
			};
			name = Debug;
		};
		AC5226FC2E6471C300D5203A /* Release */ = {
			isa = XCBuildConfiguration;
			buildSettings = {
				BUILD_LIBRARY_FOR_DISTRIBUTION = YES;
				CODE_SIGN_STYLE = Automatic;
				CURRENT_PROJECT_VERSION = 1;
				DEVELOPMENT_TEAM = B2MWFA6UQ8;
				DYLIB_COMPATIBILITY_VERSION = 1;
				DYLIB_CURRENT_VERSION = 1;
				DYLIB_INSTALL_NAME_BASE = "@rpath";
				ENABLE_MODULE_VERIFIER = YES;
				GENERATE_INFOPLIST_FILE = YES;
				INFOPLIST_KEY_NSHumanReadableCopyright = "";
				INSTALL_PATH = "$(LOCAL_LIBRARY_DIR)/Frameworks";
				LD_RUNPATH_SEARCH_PATHS = (
					"$(inherited)",
					"@executable_path/Frameworks",
					"@loader_path/Frameworks",
				);
				MARKETING_VERSION = 1.0;
				MODULE_VERIFIER_SUPPORTED_LANGUAGES = "objective-c objective-c++";
				MODULE_VERIFIER_SUPPORTED_LANGUAGE_STANDARDS = "gnu17 gnu++20";
				PRODUCT_BUNDLE_IDENTIFIER = invectys.ImmersiveMapFramework;
				PRODUCT_NAME = "$(TARGET_NAME:c99extidentifier)";
				SKIP_INSTALL = YES;
				SWIFT_EMIT_LOC_STRINGS = YES;
				SWIFT_INSTALL_MODULE = YES;
				SWIFT_INSTALL_OBJC_HEADER = NO;
				SWIFT_VERSION = 5.0;
				TARGETED_DEVICE_FAMILY = "1,2";
				VERSIONING_SYSTEM = "apple-generic";
				VERSION_INFO_PREFIX = "";
			};
			name = Release;
		};
/* End XCBuildConfiguration section */

/* Begin XCConfigurationList section */
		AC5226D82E64718E00D5203A /* Build configuration list for PBXProject "ImmersiveMap" */ = {
			isa = XCConfigurationList;
			buildConfigurations = (
				AC5226E62E64718F00D5203A /* Debug */,
				AC5226E72E64718F00D5203A /* Release */,
			);
			defaultConfigurationIsVisible = 0;
			defaultConfigurationName = Release;
		};
		AC5226E82E64718F00D5203A /* Build configuration list for PBXNativeTarget "ImmersiveMap" */ = {
			isa = XCConfigurationList;
			buildConfigurations = (
				AC5226E92E64718F00D5203A /* Debug */,
				AC5226EA2E64718F00D5203A /* Release */,
			);
			defaultConfigurationIsVisible = 0;
			defaultConfigurationName = Release;
		};
		AC5226FA2E6471C300D5203A /* Build configuration list for PBXNativeTarget "ImmersiveMapFramework" */ = {
			isa = XCConfigurationList;
			buildConfigurations = (
				AC5226FB2E6471C300D5203A /* Debug */,
				AC5226FC2E6471C300D5203A /* Release */,
			);
			defaultConfigurationIsVisible = 0;
			defaultConfigurationName = Release;
		};
/* End XCConfigurationList section */

/* Begin XCRemoteSwiftPackageReference section */
		AC5227032E6474D300D5203A /* XCRemoteSwiftPackageReference "SwiftEarcut" */ = {
			isa = XCRemoteSwiftPackageReference;
			repositoryURL = "https://github.com/measuredweighed/SwiftEarcut.git";
			requirement = {
				kind = upToNextMajorVersion;
				minimumVersion = 1.0.0;
			};
		};
		AC5227062E6475A400D5203A /* XCRemoteSwiftPackageReference "mvt-tools" */ = {
			isa = XCRemoteSwiftPackageReference;
			repositoryURL = "https://github.com/Outdooractive/mvt-tools";
			requirement = {
				kind = upToNextMajorVersion;
				minimumVersion = 1.2.1;
			};
		};
/* End XCRemoteSwiftPackageReference section */

/* Begin XCSwiftPackageProductDependency section */
		AC5227042E6474D300D5203A /* SwiftEarcut */ = {
			isa = XCSwiftPackageProductDependency;
			package = AC5227032E6474D300D5203A /* XCRemoteSwiftPackageReference "SwiftEarcut" */;
			productName = SwiftEarcut;
		};
		AC5227072E6475A400D5203A /* MVTTools */ = {
			isa = XCSwiftPackageProductDependency;
			package = AC5227062E6475A400D5203A /* XCRemoteSwiftPackageReference "mvt-tools" */;
			productName = MVTTools;
		};
/* End XCSwiftPackageProductDependency section */
	};
	rootObject = AC5226D52E64718E00D5203A /* Project object */;
}
